
Microsoft Visual Studio Solution File, Format Version 12.00
# Visual Studio Version 17
VisualStudioVersion = 17.8.34330.188
MinimumVisualStudioVersion = 10.0.40219.1
Project("{FAE04EC0-301F-11D3-BF4B-00C04F79EFBC}") = "WebAppWarcraftFriends", "WebAppWarcraftFriends\WebAppWarcraftFriends.csproj", "{8C1DAF09-2D25-4FC8-B6EF-F936C06C5240}"
	ProjectSection(ProjectDependencies) = postProject
		{4C10ACDC-7AD6-498D-9931-9B462C1AD2EF} = {4C10ACDC-7AD6-498D-9931-9B462C1AD2EF}
	EndProjectSection
EndProject
Project("{2150E333-8FDC-42A3-9474-1A3956D46DE8}") = "MicroServices", "MicroServices", "{6247A884-7AB2-4F26-BBEF-68B564431F0B}"
EndProject
Project("{FAE04EC0-301F-11D3-BF4B-00C04F79EFBC}") = "MicroServiceWCFUser", "MicroServices\MicroServiceWCFUser\MicroServiceWCFUser.csproj", "{FFBD4401-F0CC-4B49-997A-5900A0D79E70}"
EndProject
Project("{FAE04EC0-301F-11D3-BF4B-00C04F79EFBC}") = "MicroServiceWCFCharacter", "MicroServiceWCFCharacter\MicroServiceWCFCharacter.csproj", "{4C10ACDC-7AD6-498D-9931-9B462C1AD2EF}"
EndProject
Project("{FAE04EC0-301F-11D3-BF4B-00C04F79EFBC}") = "EWarcraftFriends", "EWarcraftFriends\EWarcraftFriends.csproj", "{67DBB196-7380-442A-923E-F7D301B91E36}"
EndProject
Global
	GlobalSection(SolutionConfigurationPlatforms) = preSolution
		Debug|Any CPU = Debug|Any CPU
		Release|Any CPU = Release|Any CPU
	EndGlobalSection
	GlobalSection(ProjectConfigurationPlatforms) = postSolution
		{8C1DAF09-2D25-4FC8-B6EF-F936C06C5240}.Debug|Any CPU.ActiveCfg = Debug|Any CPU
		{8C1DAF09-2D25-4FC8-B6EF-F936C06C5240}.Debug|Any CPU.Build.0 = Debug|Any CPU
		{8C1DAF09-2D25-4FC8-B6EF-F936C06C5240}.Release|Any CPU.ActiveCfg = Release|Any CPU
		{8C1DAF09-2D25-4FC8-B6EF-F936C06C5240}.Release|Any CPU.Build.0 = Release|Any CPU
		{FFBD4401-F0CC-4B49-997A-5900A0D79E70}.Debug|Any CPU.ActiveCfg = Debug|Any CPU
		{FFBD4401-F0CC-4B49-997A-5900A0D79E70}.Debug|Any CPU.Build.0 = Debug|Any CPU
		{FFBD4401-F0CC-4B49-997A-5900A0D79E70}.Release|Any CPU.ActiveCfg = Release|Any CPU
		{FFBD4401-F0CC-4B49-997A-5900A0D79E70}.Release|Any CPU.Build.0 = Release|Any CPU
		{4C10ACDC-7AD6-498D-9931-9B462C1AD2EF}.Debug|Any CPU.ActiveCfg = Debug|Any CPU
		{4C10ACDC-7AD6-498D-9931-9B462C1AD2EF}.Debug|Any CPU.Build.0 = Debug|Any CPU
		{4C10ACDC-7AD6-498D-9931-9B462C1AD2EF}.Release|Any CPU.ActiveCfg = Release|Any CPU
		{4C10ACDC-7AD6-498D-9931-9B462C1AD2EF}.Release|Any CPU.Build.0 = Release|Any CPU
		{67DBB196-7380-442A-923E-F7D301B91E36}.Debug|Any CPU.ActiveCfg = Debug|Any CPU
		{67DBB196-7380-442A-923E-F7D301B91E36}.Debug|Any CPU.Build.0 = Debug|Any CPU
		{67DBB196-7380-442A-923E-F7D301B91E36}.Release|Any CPU.ActiveCfg = Release|Any CPU
		{67DBB196-7380-442A-923E-F7D301B91E36}.Release|Any CPU.Build.0 = Release|Any CPU
	EndGlobalSection
	GlobalSection(SolutionProperties) = preSolution
		HideSolutionNode = FALSE
	EndGlobalSection
	GlobalSection(NestedProjects) = preSolution
		{FFBD4401-F0CC-4B49-997A-5900A0D79E70} = {6247A884-7AB2-4F26-BBEF-68B564431F0B}
		{4C10ACDC-7AD6-498D-9931-9B462C1AD2EF} = {6247A884-7AB2-4F26-BBEF-68B564431F0B}
	EndGlobalSection
	GlobalSection(ExtensibilityGlobals) = postSolution
		SolutionGuid = {CA5CB5A6-03AB-4A24-BBF2-02B9EAA3259C}
	EndGlobalSection
EndGlobal
